{
  "version": 4,
  "terraform_version": "1.2.2",
  "serial": 22,
  "lineage": "f0414085-5ad6-049c-e338-a9222623de21",
  "outputs": {},
  "resources": [
    {
      "mode": "managed",
      "type": "google_container_cluster",
      "name": "primary",
      "provider": "provider[\"registry.terraform.io/hashicorp/google\"]",
      "instances": [
        {
          "schema_version": 1,
          "attributes": {
            "addons_config": [
              {
                "cloudrun_config": [],
                "gcp_filestore_csi_driver_config": [],
                "horizontal_pod_autoscaling": [],
                "http_load_balancing": [],
                "network_policy_config": [
                  {
                    "disabled": true
                  }
                ]
              }
            ],
            "authenticator_groups_config": [],
            "cluster_autoscaling": [
              {
                "auto_provisioning_defaults": [],
                "enabled": false,
                "resource_limits": []
              }
            ],
            "cluster_ipv4_cidr": "10.88.0.0/14",
            "confidential_nodes": [],
            "database_encryption": [
              {
                "key_name": "",
                "state": "DECRYPTED"
              }
            ],
            "datapath_provider": "",
            "default_max_pods_per_node": null,
            "default_snat_status": [
              {
                "disabled": false
              }
            ],
            "description": "",
            "dns_config": [],
            "enable_autopilot": false,
            "enable_binary_authorization": false,
            "enable_intranode_visibility": false,
            "enable_kubernetes_alpha": false,
            "enable_legacy_abac": false,
            "enable_shielded_nodes": true,
            "enable_tpu": false,
            "endpoint": "146.148.64.61",
            "id": "projects/savvy-pad-350214/locations/us-central1/clusters/gke-test3",
            "initial_node_count": 1,
            "ip_allocation_policy": [],
            "label_fingerprint": "a9dc16a7",
            "location": "us-central1",
            "logging_config": [
              {
                "enable_components": [
                  "SYSTEM_COMPONENTS",
                  "WORKLOADS"
                ]
              }
            ],
            "logging_service": "logging.googleapis.com/kubernetes",
            "maintenance_policy": [],
            "master_auth": [
              {
                "client_certificate": "",
                "client_certificate_config": [
                  {
                    "issue_client_certificate": false
                  }
                ],
                "client_key": "",
                "cluster_ca_certificate": "LS0tLS1CRUdJTiBDRVJUSUZJQ0FURS0tLS0tCk1JSUVMRENDQXBTZ0F3SUJBZ0lRVHZnTUhpdzRNNkUvZm1yNUttQWtGekFOQmdrcWhraUc5dzBCQVFzRkFEQXYKTVMwd0t3WURWUVFERXlRelkyTm1OMkUwTlMwNU5EWTRMVFE1TTJVdFlqSTJNUzA1T1RJMk5UVXhaV1F6TnpRdwpJQmNOTWpJd05qQTVNVGsxTlRNMFdoZ1BNakExTWpBMk1ERXlNRFUxTXpSYU1DOHhMVEFyQmdOVkJBTVRKRE5qClkyWTNZVFExTFRrME5qZ3RORGt6WlMxaU1qWXhMVGs1TWpZMU5URmxaRE0zTkRDQ0FhSXdEUVlKS29aSWh2Y04KQVFFQkJRQURnZ0dQQURDQ0FZb0NnZ0dCQUtHaGZmbWtlZTk1UGk3TVZ0VjRtdGJmVVJWeVpxNUFhMklnelRsbgpmbW9iYmsvSzF2NzI2cEVFSXRJVE5mU3NtaXBDMEppWlpqUDFmNEd5dWhVRUgySUllWkdtb1JMYUZhdm1OL1NZClY4YVlDMEdLdnVLbzZpNDNCVm9yWWZWYldoVnIxUnBjZHI2RGp3R0I0UGxVcC95ZkEwZTQya3kySzB4MlV6SGUKZkw1aWhMVlFhQTFVUFc0UXpIVGlnMFptUXF3MGM4bUs4dEVVc0VUWlZzNWJUODdPMGpaaFNrNW11a0ZNZ2RmYgpFNUlwcHp3NExyNHRzWGFwS3hrVnp0ZkozcElIWWFwK1NmYlRiL0RaM0t4UDVLNzB4WlZWSTlxU0d1cGpDN0FkCm5RUzEwYXBBRmZYbjRla0dWU2xvdUthVHBtWUEzZXp1M04wMnAzVWhTN3dXZU5LRU1CK1NHd21oV1dxdklvYVUKVlVNZUQ4SEdCNTNuSEpGaFlRQm1JUnZyMStJZGUwUkRzWndvT1JLLzBPWjY5dU51d2U2ck1rTjBFUmxpOEJZKwo4UmhyeTZ5WDFUdVI2K3ZGTWdaNiszTWdYTGFyaFlMWUFaUG5ZL0oyQ3NrbktSekhONmhnRkMrMWFKYzJzWEFFCjRzbWk4dGZWM0t3b0F0alp2NUh2Wm1od1B3SURBUUFCbzBJd1FEQU9CZ05WSFE4QkFmOEVCQU1DQWdRd0R3WUQKVlIwVEFRSC9CQVV3QXdFQi96QWRCZ05WSFE0RUZnUVUwTkJxdkxxOEtKTjFUR1BsaEpMTFlWSjh2bkV3RFFZSgpLb1pJaHZjTkFRRUxCUUFEZ2dHQkFKQnZtV1NmSFd6UFFtODZ6d25sVlJkVlBxV1JubGdwRE5uSUlmeHBlVkRoCkw2M0Q0NzJwdjJuOEwxWS9lbnhabmdxc0R4dlNUSlBxMldBWStTS2F2UWlTSWNvTGMzaTByQXV1UUZCdlpXVlMKVzJzQmtGUXNsLysxVFBkSHlLNDYrL0pWYkFKbW9BUWQwL3lWOXl2ZVRDdk5mUXMzOGUwRG0xc1BnYkJ5SVMvawpRa3hNbXo0TzlVMnlkcGVHOFVhQnh4elZKa0M0OEd6YVAreW02bUVPYmJtWWFudzRQK0lhQzd1Tk9vZmkrRUNYCmkyWjZQdFNxRmJJQTNYbVRFVkpod0RLdkNBNG4za2ExOHREbGZaV0hCa29ZYjlSMytyMjZ6cVVBODhZejhybmMKVXBiUHFSQlVmT1JtRGp3N0tuODZ6bGJSK2RoZDdFZFpVRXUybm9MaTgvUjJwNzZORHZaRHhCWnlnNkhLV1dyYQpBU0N3N3pRa3ZlL2w5ZTdvTUIzVGg3QUNURG0ra2c0OUs4TytGQ0hWTFcrMlNIUmtpMFh0NEI4UmR0SkJaOElECi8vY25abVEzRmVEK0VyUU5IVXh6UE9La0E5VVRqNUxHUWN4ODRyVE5LS2VzeG10SHJRVkU2SkwrK2kyK0hGcjgKRnl1R1RVTXV3YVl6cndRZVY4QWdVZz09Ci0tLS0tRU5EIENFUlRJRklDQVRFLS0tLS0K"
              }
            ],
            "master_authorized_networks_config": [],
            "master_version": "1.22.8-gke.201",
            "min_master_version": null,
            "monitoring_config": [
              {
                "enable_components": [
                  "SYSTEM_COMPONENTS"
                ]
              }
            ],
            "monitoring_service": "monitoring.googleapis.com/kubernetes",
            "name": "gke-test3",
            "network": "projects/savvy-pad-350214/global/networks/default",
            "network_policy": [
              {
                "enabled": false,
                "provider": "PROVIDER_UNSPECIFIED"
              }
            ],
            "networking_mode": "ROUTES",
            "node_config": [],
            "node_locations": [
              "us-central1-a",
              "us-central1-c",
              "us-central1-f"
            ],
            "node_pool": [],
            "node_version": "1.22.8-gke.201",
            "operation": null,
            "private_cluster_config": [],
            "private_ipv6_google_access": "",
            "project": "savvy-pad-350214",
            "release_channel": [
              {
                "channel": "REGULAR"
              }
            ],
            "remove_default_node_pool": true,
            "resource_labels": null,
            "resource_usage_export_config": [],
            "self_link": "https://container.googleapis.com/v1/projects/savvy-pad-350214/locations/us-central1/clusters/gke-test3",
            "services_ipv4_cidr": "10.91.240.0/20",
            "subnetwork": "projects/savvy-pad-350214/regions/us-central1/subnetworks/default",
            "timeouts": null,
            "tpu_ipv4_cidr_block": "",
            "vertical_pod_autoscaling": [],
            "workload_identity_config": []
          },
          "sensitive_attributes": [],
          "private": "eyJlMmJmYjczMC1lY2FhLTExZTYtOGY4OC0zNDM2M2JjN2M0YzAiOnsiY3JlYXRlIjoyNDAwMDAwMDAwMDAwLCJkZWxldGUiOjI0MDAwMDAwMDAwMDAsInJlYWQiOjI0MDAwMDAwMDAwMDAsInVwZGF0ZSI6MzYwMDAwMDAwMDAwMH0sInNjaGVtYV92ZXJzaW9uIjoiMSJ9"
        }
      ]
    },
    {
      "mode": "managed",
      "type": "google_container_node_pool",
      "name": "primary_nodes",
      "provider": "provider[\"registry.terraform.io/hashicorp/google\"]",
      "instances": [
        {
          "schema_version": 1,
          "attributes": {
            "autoscaling": [
              {
                "max_node_count": 5,
                "min_node_count": 1
              }
            ],
            "cluster": "projects/savvy-pad-350214/locations/us-central1/clusters/gke-test3",
            "id": "projects/savvy-pad-350214/locations/us-central1/clusters/gke-test3/nodePools/my-node-pool2",
            "initial_node_count": 1,
            "instance_group_urls": [
              "https://www.googleapis.com/compute/v1/projects/savvy-pad-350214/zones/us-central1-c/instanceGroupManagers/gke-gke-test3-my-node-pool2-2309aa52-grp",
              "https://www.googleapis.com/compute/v1/projects/savvy-pad-350214/zones/us-central1-f/instanceGroupManagers/gke-gke-test3-my-node-pool2-5ef71a3d-grp",
              "https://www.googleapis.com/compute/v1/projects/savvy-pad-350214/zones/us-central1-a/instanceGroupManagers/gke-gke-test3-my-node-pool2-85b7e711-grp"
            ],
            "location": "us-central1",
            "managed_instance_group_urls": [
              "https://www.googleapis.com/compute/v1/projects/savvy-pad-350214/zones/us-central1-c/instanceGroups/gke-gke-test3-my-node-pool2-2309aa52-grp",
              "https://www.googleapis.com/compute/v1/projects/savvy-pad-350214/zones/us-central1-f/instanceGroups/gke-gke-test3-my-node-pool2-5ef71a3d-grp",
              "https://www.googleapis.com/compute/v1/projects/savvy-pad-350214/zones/us-central1-a/instanceGroups/gke-gke-test3-my-node-pool2-85b7e711-grp"
            ],
            "management": [
              {
                "auto_repair": true,
                "auto_upgrade": true
              }
            ],
            "max_pods_per_node": null,
            "name": "my-node-pool2",
            "name_prefix": "",
            "node_config": [
              {
                "boot_disk_kms_key": "",
                "disk_size_gb": 100,
                "disk_type": "pd-standard",
                "gcfs_config": [],
                "guest_accelerator": [],
                "gvnic": [],
                "image_type": "COS_CONTAINERD",
                "labels": {},
                "local_ssd_count": 0,
                "machine_type": "e2-medium",
                "metadata": {
                  "disable-legacy-endpoints": "true"
                },
                "min_cpu_platform": "",
                "node_group": "",
                "oauth_scopes": [
                  "https://www.googleapis.com/auth/cloud-platform"
                ],
                "preemptible": true,
                "service_account": "default",
                "shielded_instance_config": [
                  {
                    "enable_integrity_monitoring": true,
                    "enable_secure_boot": false
                  }
                ],
                "tags": null,
                "taint": [],
                "workload_metadata_config": []
              }
            ],
            "node_count": 1,
            "node_locations": [
              "us-central1-a",
              "us-central1-c",
              "us-central1-f"
            ],
            "operation": null,
            "project": "savvy-pad-350214",
            "timeouts": null,
            "upgrade_settings": [
              {
                "max_surge": 1,
                "max_unavailable": 0
              }
            ],
            "version": "1.22.8-gke.201"
          },
          "sensitive_attributes": [],
          "private": "eyJlMmJmYjczMC1lY2FhLTExZTYtOGY4OC0zNDM2M2JjN2M0YzAiOnsiY3JlYXRlIjoxODAwMDAwMDAwMDAwLCJkZWxldGUiOjE4MDAwMDAwMDAwMDAsInVwZGF0ZSI6MTgwMDAwMDAwMDAwMH0sInNjaGVtYV92ZXJzaW9uIjoiMSJ9",
          "dependencies": [
            "google_container_cluster.primary"
          ]
        }
      ]
    }
  ]
}
