{
  "version": 4,
  "terraform_version": "1.2.1",
  "serial": 10,
  "lineage": "f0414085-5ad6-049c-e338-a9222623de21",
  "outputs": {},
  "resources": [
    {
      "mode": "managed",
      "type": "google_container_cluster",
      "name": "primary",
      "provider": "provider[\"registry.terraform.io/hashicorp/google\"]",
      "instances": [
        {
          "schema_version": 1,
          "attributes": {
            "addons_config": [
              {
                "cloudrun_config": [],
                "gcp_filestore_csi_driver_config": [],
                "horizontal_pod_autoscaling": [],
                "http_load_balancing": [],
                "network_policy_config": [
                  {
                    "disabled": true
                  }
                ]
              }
            ],
            "authenticator_groups_config": [],
            "cluster_autoscaling": [
              {
                "auto_provisioning_defaults": [],
                "enabled": false,
                "resource_limits": []
              }
            ],
            "cluster_ipv4_cidr": "10.88.0.0/14",
            "confidential_nodes": [],
            "database_encryption": [
              {
                "key_name": "",
                "state": "DECRYPTED"
              }
            ],
            "datapath_provider": "",
            "default_max_pods_per_node": null,
            "default_snat_status": [
              {
                "disabled": false
              }
            ],
            "description": "",
            "dns_config": [],
            "enable_autopilot": false,
            "enable_binary_authorization": false,
            "enable_intranode_visibility": false,
            "enable_kubernetes_alpha": false,
            "enable_legacy_abac": false,
            "enable_shielded_nodes": true,
            "enable_tpu": false,
            "endpoint": "34.68.44.128",
            "id": "projects/savvy-pad-350214/locations/us-central1/clusters/gke-test3",
            "initial_node_count": 1,
            "ip_allocation_policy": [],
            "label_fingerprint": "a9dc16a7",
            "location": "us-central1",
            "logging_config": [
              {
                "enable_components": [
                  "SYSTEM_COMPONENTS",
                  "WORKLOADS"
                ]
              }
            ],
            "logging_service": "logging.googleapis.com/kubernetes",
            "maintenance_policy": [],
            "master_auth": [
              {
                "client_certificate": "",
                "client_certificate_config": [
                  {
                    "issue_client_certificate": false
                  }
                ],
                "client_key": "",
                "cluster_ca_certificate": "LS0tLS1CRUdJTiBDRVJUSUZJQ0FURS0tLS0tCk1JSUVMRENDQXBTZ0F3SUJBZ0lRY0hOemNHYUNOSkowOERENy9aVDduVEFOQmdrcWhraUc5dzBCQVFzRkFEQXYKTVMwd0t3WURWUVFERXlSbU1ERmxPV1ZsWkMwNE5HWTFMVFJpTVRrdE9UTTVaUzAzTUdZMFpqVXhPRGs1WkRVdwpJQmNOTWpJd05qQXhNVFF6TkRVNVdoZ1BNakExTWpBMU1qUXhOVE0wTlRsYU1DOHhMVEFyQmdOVkJBTVRKR1l3Ck1XVTVaV1ZrTFRnMFpqVXROR0l4T1MwNU16bGxMVGN3WmpSbU5URTRPVGxrTlRDQ0FhSXdEUVlKS29aSWh2Y04KQVFFQkJRQURnZ0dQQURDQ0FZb0NnZ0dCQUszcXlmRVpiQWl4RDBtdjVyY3FIZTdURDd6ckI0aWlXcnZBQzRzVQpuelVPR3p6TGVrNXphREcrSmxwOHE1Njh1djVCZ0VGeVRnUFphNHVWSDQyU0R0NnRXQitjL3JWVjQ2ZEoydzg4CkZsdFFqOHY5b3RPcUwyWEF2OXNjWG91ci9wSlJrd2JEdkxya2FRS2M0QnZEV2ZCVm9Idk8yeXRuU3JNVVlCVUcKM1BGRmdvbTB0OEw2UUh4ODNVR1RybmtQdkswamdjeEg0MFpnUDFadlpPSFVOLzJHYTdZS3JUSUF5YVlmR3krWQpQaWxpZ3RpeWtVZHRaVXhzNjd1M0k2ZWVhVktjL1hnSlA0ZmZKT05jT1IzeTE5MlRaMUl3S0gzL2k0b2Uxd0FjCklkTGpFSC9DZ2Q2RUN3S1o0MlVabjZ5RUsxaTlyZW42YmVINXNTVVlSUEpFU0p3dHBhT1E0UW9RMjlWTXlPMlIKK2xsS3ZMTFZOaGlyQTJkQ3E5TXVFbGk2VDJydkFwV2VEYUE0eGxEaUhYcHEyT0Z3QjdvaHV3UVhoVEVVcGZoUQpzbTlCWktxWjJVZmNHbEM5ZXdCakFmQ3N4Zjk1NjZyNm5Rdms4aFBUelBST21UL2pOa2NYUmI1blJDQTVlMGlUCkpDMGFDUXZNRXdmMGgxSGFLYVg5YTFtMUJ3SURBUUFCbzBJd1FEQU9CZ05WSFE4QkFmOEVCQU1DQWdRd0R3WUQKVlIwVEFRSC9CQVV3QXdFQi96QWRCZ05WSFE0RUZnUVVBaE1TNE1RbHBZeDVPV05uQ0FDcUJJazFvWHd3RFFZSgpLb1pJaHZjTkFRRUxCUUFEZ2dHQkFCMXlITFgxS3JLU1JVbzNrd0FHd3dURDhjNEhjcFQ0cnJQVlFYNEthN1AyClZEK211ejFvR05wcEF0aXBGd05pcldlenJMNGhMSDZHdUplSHZlRnlTRDhPdkJXc3krb0ZwMExMeFN1UDhYN2wKVlo4Y095SHZjUkY0dUVzUVpVK2kvRlhhTTFqbTJMYWVoZDM5VXBSM05QZ3F3UDYzTHNOQnN1Z2NuekN6R1pkRgpTU0RlU0tRbm5pT3FCT3VSczJZd2hHdStqZmdYNFhHWEg2QVc2MVNPU2FwVEJoTHcyUHpIbXNGY1g5N2ZVWFVGCnI2eFJpeHZnd0xGKzFSeU5vSVNhdDJRUHBlZXRnd1ZHQWlUYTR5TFpkdExyYWZoNUd4SkNMTmc5U3FkWjlpQnMKMm9SZDI2Y0tkYW9hT1F5SkVVbnEyUlZ1WUVScUpFM0VLdGZzbkN4T1B2eFJORmNrTFZDK1ZwcFpnbU1nVmRPSQpDVHEwd2hGMWFmNm1GLytzTG1hMHhIU2RsVTJWWHI4eFk4KzBXdXp5c1dYUEhrSHY1S1JEcHNTanNFZERyWis1CmsxampCVUpZUVY2ZmVVY21EU2M1eGh3Qm43TThScVkvS2dUVERXYnNrZ0pSZnlKQ1ROZkJvYUZqcVc3Zm5kcisKNHgyR1cvUkpKVzZqMnZWZUFtSTFOUT09Ci0tLS0tRU5EIENFUlRJRklDQVRFLS0tLS0K"
              }
            ],
            "master_authorized_networks_config": [],
            "master_version": "1.21.11-gke.1100",
            "min_master_version": null,
            "monitoring_config": [
              {
                "enable_components": [
                  "SYSTEM_COMPONENTS"
                ]
              }
            ],
            "monitoring_service": "monitoring.googleapis.com/kubernetes",
            "name": "gke-test3",
            "network": "projects/savvy-pad-350214/global/networks/default",
            "network_policy": [
              {
                "enabled": false,
                "provider": "PROVIDER_UNSPECIFIED"
              }
            ],
            "networking_mode": "ROUTES",
            "node_config": [],
            "node_locations": [
              "us-central1-a",
              "us-central1-b",
              "us-central1-c"
            ],
            "node_pool": [],
            "node_version": "1.21.11-gke.1100",
            "operation": null,
            "private_cluster_config": [],
            "private_ipv6_google_access": "",
            "project": "savvy-pad-350214",
            "release_channel": [
              {
                "channel": "REGULAR"
              }
            ],
            "remove_default_node_pool": true,
            "resource_labels": null,
            "resource_usage_export_config": [],
            "self_link": "https://container.googleapis.com/v1/projects/savvy-pad-350214/locations/us-central1/clusters/gke-test3",
            "services_ipv4_cidr": "10.91.240.0/20",
            "subnetwork": "projects/savvy-pad-350214/regions/us-central1/subnetworks/default",
            "timeouts": null,
            "tpu_ipv4_cidr_block": "",
            "vertical_pod_autoscaling": [],
            "workload_identity_config": []
          },
          "sensitive_attributes": [],
          "private": "eyJlMmJmYjczMC1lY2FhLTExZTYtOGY4OC0zNDM2M2JjN2M0YzAiOnsiY3JlYXRlIjoyNDAwMDAwMDAwMDAwLCJkZWxldGUiOjI0MDAwMDAwMDAwMDAsInJlYWQiOjI0MDAwMDAwMDAwMDAsInVwZGF0ZSI6MzYwMDAwMDAwMDAwMH0sInNjaGVtYV92ZXJzaW9uIjoiMSJ9"
        }
      ]
    },
    {
      "mode": "managed",
      "type": "google_container_node_pool",
      "name": "primary_nodes",
      "provider": "provider[\"registry.terraform.io/hashicorp/google\"]",
      "instances": [
        {
          "schema_version": 1,
          "attributes": {
            "autoscaling": [],
            "cluster": "projects/savvy-pad-350214/locations/us-central1/clusters/gke-test3",
            "id": "projects/savvy-pad-350214/locations/us-central1/clusters/gke-test3/nodePools/my-node-pool2",
            "initial_node_count": 1,
            "instance_group_urls": [
              "https://www.googleapis.com/compute/v1/projects/savvy-pad-350214/zones/us-central1-b/instanceGroupManagers/gke-gke-test3-my-node-pool2-2ca70f57-grp",
              "https://www.googleapis.com/compute/v1/projects/savvy-pad-350214/zones/us-central1-c/instanceGroupManagers/gke-gke-test3-my-node-pool2-067d70ae-grp",
              "https://www.googleapis.com/compute/v1/projects/savvy-pad-350214/zones/us-central1-a/instanceGroupManagers/gke-gke-test3-my-node-pool2-c8420396-grp"
            ],
            "location": "us-central1",
            "managed_instance_group_urls": [
              "https://www.googleapis.com/compute/v1/projects/savvy-pad-350214/zones/us-central1-b/instanceGroups/gke-gke-test3-my-node-pool2-2ca70f57-grp",
              "https://www.googleapis.com/compute/v1/projects/savvy-pad-350214/zones/us-central1-c/instanceGroups/gke-gke-test3-my-node-pool2-067d70ae-grp",
              "https://www.googleapis.com/compute/v1/projects/savvy-pad-350214/zones/us-central1-a/instanceGroups/gke-gke-test3-my-node-pool2-c8420396-grp"
            ],
            "management": [
              {
                "auto_repair": true,
                "auto_upgrade": true
              }
            ],
            "max_pods_per_node": null,
            "name": "my-node-pool2",
            "name_prefix": "",
            "node_config": [
              {
                "boot_disk_kms_key": "",
                "disk_size_gb": 100,
                "disk_type": "pd-standard",
                "gcfs_config": [],
                "guest_accelerator": [],
                "gvnic": [],
                "image_type": "COS_CONTAINERD",
                "labels": {},
                "local_ssd_count": 0,
                "machine_type": "e2-medium",
                "metadata": {
                  "disable-legacy-endpoints": "true"
                },
                "min_cpu_platform": "",
                "node_group": "",
                "oauth_scopes": [
                  "https://www.googleapis.com/auth/cloud-platform"
                ],
                "preemptible": true,
                "service_account": "default",
                "shielded_instance_config": [
                  {
                    "enable_integrity_monitoring": true,
                    "enable_secure_boot": false
                  }
                ],
                "tags": null,
                "taint": [],
                "workload_metadata_config": []
              }
            ],
            "node_count": 1,
            "node_locations": [
              "us-central1-a",
              "us-central1-b",
              "us-central1-c"
            ],
            "operation": null,
            "project": "savvy-pad-350214",
            "timeouts": null,
            "upgrade_settings": [
              {
                "max_surge": 1,
                "max_unavailable": 0
              }
            ],
            "version": "1.21.11-gke.1100"
          },
          "sensitive_attributes": [],
          "private": "eyJlMmJmYjczMC1lY2FhLTExZTYtOGY4OC0zNDM2M2JjN2M0YzAiOnsiY3JlYXRlIjoxODAwMDAwMDAwMDAwLCJkZWxldGUiOjE4MDAwMDAwMDAwMDAsInVwZGF0ZSI6MTgwMDAwMDAwMDAwMH0sInNjaGVtYV92ZXJzaW9uIjoiMSJ9",
          "dependencies": [
            "google_container_cluster.primary"
          ]
        }
      ]
    }
  ]
}
