{
  "version": 4,
  "terraform_version": "1.2.1",
  "serial": 4,
  "lineage": "f0414085-5ad6-049c-e338-a9222623de21",
  "outputs": {},
  "resources": [
    {
      "mode": "managed",
      "type": "google_container_cluster",
      "name": "primary",
      "provider": "provider[\"registry.terraform.io/hashicorp/google\"]",
      "instances": [
        {
          "schema_version": 1,
          "attributes": {
            "addons_config": [
              {
                "cloudrun_config": [],
                "gcp_filestore_csi_driver_config": [],
                "horizontal_pod_autoscaling": [],
                "http_load_balancing": [],
                "network_policy_config": [
                  {
                    "disabled": true
                  }
                ]
              }
            ],
            "authenticator_groups_config": [],
            "cluster_autoscaling": [
              {
                "auto_provisioning_defaults": [],
                "enabled": false,
                "resource_limits": []
              }
            ],
            "cluster_ipv4_cidr": "10.88.0.0/14",
            "confidential_nodes": [],
            "database_encryption": [
              {
                "key_name": "",
                "state": "DECRYPTED"
              }
            ],
            "datapath_provider": "",
            "default_max_pods_per_node": null,
            "default_snat_status": [
              {
                "disabled": false
              }
            ],
            "description": "",
            "dns_config": [],
            "enable_autopilot": false,
            "enable_binary_authorization": false,
            "enable_intranode_visibility": false,
            "enable_kubernetes_alpha": false,
            "enable_legacy_abac": false,
            "enable_shielded_nodes": true,
            "enable_tpu": false,
            "endpoint": "35.238.182.48",
            "id": "projects/savvy-pad-350214/locations/us-central1/clusters/gke-test3",
            "initial_node_count": 1,
            "ip_allocation_policy": [],
            "label_fingerprint": "a9dc16a7",
            "location": "us-central1",
            "logging_config": [
              {
                "enable_components": [
                  "SYSTEM_COMPONENTS",
                  "WORKLOADS"
                ]
              }
            ],
            "logging_service": "logging.googleapis.com/kubernetes",
            "maintenance_policy": [],
            "master_auth": [
              {
                "client_certificate": "",
                "client_certificate_config": [
                  {
                    "issue_client_certificate": false
                  }
                ],
                "client_key": "",
                "cluster_ca_certificate": "LS0tLS1CRUdJTiBDRVJUSUZJQ0FURS0tLS0tCk1JSUVMRENDQXBTZ0F3SUJBZ0lRRnkwTi9MNHRGbHFJV2JERUYzaFVjekFOQmdrcWhraUc5dzBCQVFzRkFEQXYKTVMwd0t3WURWUVFERXlRellqVmtORFZsTXkwd09XSXdMVFF6WkRFdE9UTmhZUzFqT1dRNU5qSXhabVUwT0dJdwpJQmNOTWpJd05UTXhNakF6TmpBNFdoZ1BNakExTWpBMU1qTXlNVE0yTURoYU1DOHhMVEFyQmdOVkJBTVRKRE5pCk5XUTBOV1V6TFRBNVlqQXRORE5rTVMwNU0yRmhMV001WkRrMk1qRm1aVFE0WWpDQ0FhSXdEUVlKS29aSWh2Y04KQVFFQkJRQURnZ0dQQURDQ0FZb0NnZ0dCQU1kVFdVanpVUVQ5N0ZHaHpBMnZCdC80UklLVCtubHEvSXJ1ZlVrSgpYUWhSazRhN0N6UnRZcFM0L0NMWXlEdlo1c1ZzRURiWGV0TGUzUXl3Vlc3U1Y3M2l3ZlZzaFM1ZWZNaE9TbklTCjRSczh4bFpIWHJEUDh3dG9YcHhVekwwVGp1bElOTlpkWGtvNGNqbEJSMHpBZlNRZk0ydTBCVUNDSHVwbVZYRWYKVm5UZlhjRXJFTnBCT2FvVFozcUd6Lys0SUtSTUNmYjJSWUpoQlVPeXBUOUZDY0E3Y3pDQjBNNnd6WGJBRURWLwpEQ2JheHJTTnZZemVKdThtMUJYTkJEaUQrNmJjazBCUWxBY2oxZ2I2dFExRERpN1EwMmh3MmNzZ3h3VENXNTJCCjViZGNobGdrVjRCMGhzL3Rra3RiSXFyNjhiWVpoZmh4UW45cjFXMkxyMWNteFo4d0pBbnd2b05xOFJRNHFwcWEKeUFJZC92R05NZG0xRW5tNllpcC9kOG9oSE03RGorK0pMNGY4VVV4N0FHR0xVancza1F5aXpraEJMdURnbVF4agpIUEU0bzFBdFVRT2c1a3FRU0ljc3FlT21QT1FTSnFybU05UC9nV3VKeURVdllOQzNBTThiVG8yU3BGWVVONU1HCndwWjZmREs3cmUrUjJBUHFUYk5ZaDZGQ2JRSURBUUFCbzBJd1FEQU9CZ05WSFE4QkFmOEVCQU1DQWdRd0R3WUQKVlIwVEFRSC9CQVV3QXdFQi96QWRCZ05WSFE0RUZnUVVLYWt4d2lSek0vUXYwY0hxeHljVVp4Z0NFcXN3RFFZSgpLb1pJaHZjTkFRRUxCUUFEZ2dHQkFLZCtoRnhzUHFmYUJoY0p3TGhpdERDNG9xWktoT2VDNWNrd3J5ZzF4eFA0CkZoYzM0OGFWYnVTMUJoQ1dnTWJYUE90a2FwbjhqNEdQRllRQjAyaTlPK1o2Z05meWFUbXdjdTZ4anh0SDRtZ3EKaE5lZDJSY3FxYWhMaitRbWlLZWtZYWV3UXY3UlZvZHFFQkFBUDBIYm13SGZtT1NzODd5YnNTTlE4TkNmelV1Tgp3eDM2c2k1Ui9FWFlwUXNNSWhpaUc0aE5WZ3BWOE1GN2FKYjFPL1hFaXd6UmhqNlNkU014d2hhd3Qxb3ZucUpzCmYrNFNXenNlQzZaZURkT2M4MWU5aTRrRi91VzVzcjBGeVJKbCs1U29MQXprZklkYTByYUQ4NW5YSGxyZDlYR0YKUlZBcEc1Qjkzcm1wbkwvazlDQ0hTSlREdmxDbVlDcFRwVkZpMkhTUzBscDZWWTVzcUxFS0pUSmNhazMvbVZUbgpDbXJlREVRTnFZMEw0MHdoS21ZbUNuZWROUEU2dTNoVGVkdHVRbzdlR2p2WGc3a3VHQkU0NWdhWUpJa3VFNEtmCmJtZUlXKzFOdDBOekQ4SG8xVWNhVVhDanQ2TlBPdFpOY09tRVZuYUdZZjBWdGRWZE9YNFNwVTVycGNpbkt6Mk8Kd0FvTnJWby9za2h4b1NCdjIzUEV3QT09Ci0tLS0tRU5EIENFUlRJRklDQVRFLS0tLS0K"
              }
            ],
            "master_authorized_networks_config": [],
            "master_version": "1.21.11-gke.1100",
            "min_master_version": null,
            "monitoring_config": [
              {
                "enable_components": [
                  "SYSTEM_COMPONENTS"
                ]
              }
            ],
            "monitoring_service": "monitoring.googleapis.com/kubernetes",
            "name": "gke-test3",
            "network": "projects/savvy-pad-350214/global/networks/default",
            "network_policy": [
              {
                "enabled": false,
                "provider": "PROVIDER_UNSPECIFIED"
              }
            ],
            "networking_mode": "ROUTES",
            "node_config": [],
            "node_locations": [
              "us-central1-a",
              "us-central1-b",
              "us-central1-c"
            ],
            "node_pool": [],
            "node_version": "1.21.11-gke.1100",
            "operation": null,
            "private_cluster_config": [],
            "private_ipv6_google_access": "",
            "project": "savvy-pad-350214",
            "release_channel": [
              {
                "channel": "REGULAR"
              }
            ],
            "remove_default_node_pool": true,
            "resource_labels": null,
            "resource_usage_export_config": [],
            "self_link": "https://container.googleapis.com/v1/projects/savvy-pad-350214/locations/us-central1/clusters/gke-test3",
            "services_ipv4_cidr": "10.91.240.0/20",
            "subnetwork": "projects/savvy-pad-350214/regions/us-central1/subnetworks/default",
            "timeouts": null,
            "tpu_ipv4_cidr_block": "",
            "vertical_pod_autoscaling": [],
            "workload_identity_config": []
          },
          "sensitive_attributes": [],
          "private": "eyJlMmJmYjczMC1lY2FhLTExZTYtOGY4OC0zNDM2M2JjN2M0YzAiOnsiY3JlYXRlIjoyNDAwMDAwMDAwMDAwLCJkZWxldGUiOjI0MDAwMDAwMDAwMDAsInJlYWQiOjI0MDAwMDAwMDAwMDAsInVwZGF0ZSI6MzYwMDAwMDAwMDAwMH0sInNjaGVtYV92ZXJzaW9uIjoiMSJ9"
        }
      ]
    },
    {
      "mode": "managed",
      "type": "google_container_node_pool",
      "name": "primary_nodes",
      "provider": "provider[\"registry.terraform.io/hashicorp/google\"]",
      "instances": [
        {
          "schema_version": 1,
          "attributes": {
            "autoscaling": [],
            "cluster": "projects/savvy-pad-350214/locations/us-central1/clusters/gke-test3",
            "id": "projects/savvy-pad-350214/locations/us-central1/clusters/gke-test3/nodePools/my-node-pool2",
            "initial_node_count": 1,
            "instance_group_urls": [
              "https://www.googleapis.com/compute/v1/projects/savvy-pad-350214/zones/us-central1-a/instanceGroupManagers/gke-gke-test3-my-node-pool2-a0ebb10d-grp",
              "https://www.googleapis.com/compute/v1/projects/savvy-pad-350214/zones/us-central1-c/instanceGroupManagers/gke-gke-test3-my-node-pool2-51f9f303-grp",
              "https://www.googleapis.com/compute/v1/projects/savvy-pad-350214/zones/us-central1-b/instanceGroupManagers/gke-gke-test3-my-node-pool2-04f0de0c-grp"
            ],
            "location": "us-central1",
            "managed_instance_group_urls": [
              "https://www.googleapis.com/compute/v1/projects/savvy-pad-350214/zones/us-central1-a/instanceGroups/gke-gke-test3-my-node-pool2-a0ebb10d-grp",
              "https://www.googleapis.com/compute/v1/projects/savvy-pad-350214/zones/us-central1-c/instanceGroups/gke-gke-test3-my-node-pool2-51f9f303-grp",
              "https://www.googleapis.com/compute/v1/projects/savvy-pad-350214/zones/us-central1-b/instanceGroups/gke-gke-test3-my-node-pool2-04f0de0c-grp"
            ],
            "management": [
              {
                "auto_repair": true,
                "auto_upgrade": true
              }
            ],
            "max_pods_per_node": null,
            "name": "my-node-pool2",
            "name_prefix": "",
            "node_config": [
              {
                "boot_disk_kms_key": "",
                "disk_size_gb": 100,
                "disk_type": "pd-standard",
                "gcfs_config": [],
                "guest_accelerator": [],
                "gvnic": [],
                "image_type": "COS_CONTAINERD",
                "labels": {},
                "local_ssd_count": 0,
                "machine_type": "e2-medium",
                "metadata": {
                  "disable-legacy-endpoints": "true"
                },
                "min_cpu_platform": "",
                "node_group": "",
                "oauth_scopes": [
                  "https://www.googleapis.com/auth/cloud-platform"
                ],
                "preemptible": true,
                "service_account": "default",
                "shielded_instance_config": [
                  {
                    "enable_integrity_monitoring": true,
                    "enable_secure_boot": false
                  }
                ],
                "tags": null,
                "taint": [],
                "workload_metadata_config": []
              }
            ],
            "node_count": 1,
            "node_locations": [
              "us-central1-a",
              "us-central1-b",
              "us-central1-c"
            ],
            "operation": null,
            "project": "savvy-pad-350214",
            "timeouts": null,
            "upgrade_settings": [
              {
                "max_surge": 1,
                "max_unavailable": 0
              }
            ],
            "version": "1.21.11-gke.1100"
          },
          "sensitive_attributes": [],
          "private": "eyJlMmJmYjczMC1lY2FhLTExZTYtOGY4OC0zNDM2M2JjN2M0YzAiOnsiY3JlYXRlIjoxODAwMDAwMDAwMDAwLCJkZWxldGUiOjE4MDAwMDAwMDAwMDAsInVwZGF0ZSI6MTgwMDAwMDAwMDAwMH0sInNjaGVtYV92ZXJzaW9uIjoiMSJ9",
          "dependencies": [
            "google_container_cluster.primary"
          ]
        }
      ]
    }
  ]
}
